# This file is generated by running "yarn install" inside your project.
# Manual changes might be lost - proceed with caution!

__metadata:
  version: 10
  cacheKey: 10c0

"@companion-module/base@npm:2.1.3":
  version: 2.1.3
  resolution: "@companion-module/base@npm:2.1.3"
  dependencies:
    colord: "npm:^2.9.3"
  checksum: 10c0/182e7deec2dfa6cbd84c3fc73891e83915d1649ed8478fcaeb5051184b3fa21329fcfee2655222543d3419047ee45b7d2f48ab8975d55765537023246a7b233b
  languageName: node
  linkType: hard

"@companion-module/tools@npm:^3.1.1":
  version: 3.1.1
  resolution: "@companion-module/tools@npm:3.1.1"
  dependencies:
    "@eslint/js": "npm:^10.0.1"
    esbuild: "npm:^0.28.2"
    eslint-config-prettier: "npm:^10.1.8"
    eslint-plugin-n: "npm:^18.4.0"
    eslint-plugin-prettier: "npm:^5.5.6"
    find-up: "npm:^8.0.0"
    semver: "npm:^7.8.5"
    spdx-expression-parse: "npm:^5.0.0"
    tar: "npm:^7.5.22"
    zx: "npm:^8.8.5"
  peerDependencies:
    "@companion-module/base": ^2.0.0
    "@companion-surface/base": ^1.0.0
    eslint: ^9.39.3 || ^10.2.0
    prettier: ^3.8.1
    typescript-eslint: ^8.56.1
  peerDependenciesMeta:
    "@companion-module/base":
      optional: true
    "@companion-surface/base":
      optional: true
    eslint:
      optional: true
    prettier:
      optional: true
    typescript-eslint:
      optional: true
  bin:
    companion-module-build: ./dist/scripts/build-connection.js
    companion-module-check: ./dist/scripts/check-connection.js
    companion-surface-build: ./dist/scripts/build-surface.js
    companion-surface-check: ./dist/scripts/check-surface.js
  checksum: 10c0/9b0437f2cb634d50ad36ba336e9d115d9a459cfeaac36b7ce39cb145b89a19142e0d110f25aaf99c0d5df456820226962e7a7c9d8643f4a4833ad71ec52cc1b6
  languageName: node
  linkType: hard

"@esbuild/aix-ppc64@npm:0.28.2":
  version: 0.28.2
  resolution: "@esbuild/aix-ppc64@npm:0.28.2"
  conditions: os=aix & cpu=ppc64
  languageName: node
  linkType: hard

"@esbuild/android-arm64@npm:0.28.2":
  version: 0.28.2
  resolution: "@esbuild/android-arm64@npm:0.28.2"
  conditions: os=android & cpu=arm64
  languageName: node
  linkType: hard

"@esbuild/android-arm@npm:0.28.2":
  version: 0.28.2
  resolution: "@esbuild/android-arm@npm:0.28.2"
  conditions: os=android & cpu=arm
  languageName: node
  linkType: hard

"@esbuild/android-x64@npm:0.28.2":
  version: 0.28.2
  resolution: "@esbuild/android-x64@npm:0.28.2"
  conditions: os=android & cpu=x64
  languageName: node
  linkType: hard

"@esbuild/darwin-arm64@npm:0.28.2":
  version: 0.28.2
  resolution: "@esbuild/darwin-arm64@npm:0.28.2"
  conditions: os=darwin & cpu=arm64
  languageName: node
  linkType: hard

"@esbuild/darwin-x64@npm:0.28.2":
  version: 0.28.2
  resolution: "@esbuild/darwin-x64@npm:0.28.2"
  conditions: os=darwin & cpu=x64
  languageName: node
  linkType: hard

"@esbuild/freebsd-arm64@npm:0.28.2":
  version: 0.28.2
  resolution: "@esbuild/freebsd-arm64@npm:0.28.2"
  conditions: os=freebsd & cpu=arm64
  languageName: node
  linkType: hard

"@esbuild/freebsd-x64@npm:0.28.2":
  version: 0.28.2
  resolution: "@esbuild/freebsd-x64@npm:0.28.2"
  conditions: os=freebsd & cpu=x64
  languageName: node
  linkType: hard

"@esbuild/linux-arm64@npm:0.28.2":
  version: 0.28.2
  resolution: "@esbuild/linux-arm64@npm:0.28.2"
  conditions: os=linux & cpu=arm64
  languageName: node
  linkType: hard

"@esbuild/linux-arm@npm:0.28.2":
  version: 0.28.2
  resolution: "@esbuild/linux-arm@npm:0.28.2"
  conditions: os=linux & cpu=arm
  languageName: node
  linkType: hard

"@esbuild/linux-ia32@npm:0.28.2":
  version: 0.28.2
  resolution: "@esbuild/linux-ia32@npm:0.28.2"
  conditions: os=linux & cpu=ia32
  languageName: node
  linkType: hard

"@esbuild/linux-loong64@npm:0.28.2":
  version: 0.28.2
  resolution: "@esbuild/linux-loong64@npm:0.28.2"
  conditions: os=linux & cpu=loong64
  languageName: node
  linkType: hard

"@esbuild/linux-mips64el@npm:0.28.2":
  version: 0.28.2
  resolution: "@esbuild/linux-mips64el@npm:0.28.2"
  conditions: os=linux & cpu=mips64el
  languageName: node
  linkType: hard

"@esbuild/linux-ppc64@npm:0.28.2":
  version: 0.28.2
  resolution: "@esbuild/linux-ppc64@npm:0.28.2"
  conditions: os=linux & cpu=ppc64
  languageName: node
  linkType: hard

"@esbuild/linux-riscv64@npm:0.28.2":
  version: 0.28.2
  resolution: "@esbuild/linux-riscv64@npm:0.28.2"
  conditions: os=linux & cpu=riscv64
  languageName: node
  linkType: hard

"@esbuild/linux-s390x@npm:0.28.2":
  version: 0.28.2
  resolution: "@esbuild/linux-s390x@npm:0.28.2"
  conditions: os=linux & cpu=s390x
  languageName: node
  linkType: hard

"@esbuild/linux-x64@npm:0.28.2":
  version: 0.28.2
  resolution: "@esbuild/linux-x64@npm:0.28.2"
  conditions: os=linux & cpu=x64
  languageName: node
  linkType: hard

"@esbuild/netbsd-arm64@npm:0.28.2":
  version: 0.28.2
  resolution: "@esbuild/netbsd-arm64@npm:0.28.2"
  conditions: os=netbsd & cpu=arm64
  languageName: node
  linkType: hard

"@esbuild/netbsd-x64@npm:0.28.2":
  version: 0.28.2
  resolution: "@esbuild/netbsd-x64@npm:0.28.2"
  conditions: os=netbsd & cpu=x64
  languageName: node
  linkType: hard

"@esbuild/openbsd-arm64@npm:0.28.2":
  version: 0.28.2
  resolution: "@esbuild/openbsd-arm64@npm:0.28.2"
  conditions: os=openbsd & cpu=arm64
  languageName: node
  linkType: hard

"@esbuild/openbsd-x64@npm:0.28.2":
  version: 0.28.2
  resolution: "@esbuild/openbsd-x64@npm:0.28.2"
  conditions: os=openbsd & cpu=x64
  languageName: node
  linkType: hard

"@esbuild/openharmony-arm64@npm:0.28.2":
  version: 0.28.2
  resolution: "@esbuild/openharmony-arm64@npm:0.28.2"
  conditions: os=openharmony & cpu=arm64
  languageName: node
  linkType: hard

"@esbuild/sunos-x64@npm:0.28.2":
  version: 0.28.2
  resolution: "@esbuild/sunos-x64@npm:0.28.2"
  conditions: os=sunos & cpu=x64
  languageName: node
  linkType: hard

"@esbuild/win32-arm64@npm:0.28.2":
  version: 0.28.2
  resolution: "@esbuild/win32-arm64@npm:0.28.2"
  conditions: os=win32 & cpu=arm64
  languageName: node
  linkType: hard

"@esbuild/win32-ia32@npm:0.28.2":
  version: 0.28.2
  resolution: "@esbuild/win32-ia32@npm:0.28.2"
  conditions: os=win32 & cpu=ia32
  languageName: node
  linkType: hard

"@esbuild/win32-x64@npm:0.28.2":
  version: 0.28.2
  resolution: "@esbuild/win32-x64@npm:0.28.2"
  conditions: os=win32 & cpu=x64
  languageName: node
  linkType: hard

"@eslint-community/eslint-utils@npm:^4.1.2, @eslint-community/eslint-utils@npm:^4.5.0":
  version: 4.9.1
  resolution: "@eslint-community/eslint-utils@npm:4.9.1"
  dependencies:
    eslint-visitor-keys: "npm:^3.4.3"
  peerDependencies:
    eslint: ^6.0.0 || ^7.0.0 || >=8.0.0
  checksum: 10c0/dc4ab5e3e364ef27e33666b11f4b86e1a6c1d7cbf16f0c6ff87b1619b3562335e9201a3d6ce806221887ff780ec9d828962a290bb910759fd40a674686503f02
  languageName: node
  linkType: hard

"@eslint-community/regexpp@npm:^4.11.0":
  version: 4.12.1
  resolution: "@eslint-community/regexpp@npm:4.12.1"
  checksum: 10c0/a03d98c246bcb9109aec2c08e4d10c8d010256538dcb3f56610191607214523d4fb1b00aa81df830b6dffb74c5fa0be03642513a289c567949d3e550ca11cdf6
  languageName: node
  linkType: hard

"@eslint/js@npm:^10.0.1":
  version: 10.0.1
  resolution: "@eslint/js@npm:10.0.1"
  peerDependencies:
    eslint: ^10.0.0
  peerDependenciesMeta:
    eslint:
      optional: true
  checksum: 10c0/9f3fcaf71ba7fdf65d82e8faad6ecfe97e11801cc3c362b306a88ea1ed1344ae0d35330dddb0e8ad18f010f6687a70b75491b9e01c8af57acd7987cee6b3ec6c
  languageName: node
  linkType: hard

"@isaacs/fs-minipass@npm:^4.0.0":
  version: 4.0.1
  resolution: "@isaacs/fs-minipass@npm:4.0.1"
  dependencies:
    minipass: "npm:^7.0.4"
  checksum: 10c0/c25b6dc1598790d5b55c0947a9b7d111cfa92594db5296c3b907e2f533c033666f692a3939eadac17b1c7c40d362d0b0635dc874cbfe3e70db7c2b07cc97a5d2
  languageName: node
  linkType: hard

"@pkgr/core@npm:^0.3.6":
  version: 0.3.6
  resolution: "@pkgr/core@npm:0.3.6"
  checksum: 10c0/153f0f4563f505faeba13c733efa0e05e467ce1c6b941055a5fd3b4560da60fbf1dff4b11da0075f034ddda11f2842b90395f60895dde5825875b616edccc11c
  languageName: node
  linkType: hard

"@serialport/binding-mock@npm:10.2.2":
  version: 10.2.2
  resolution: "@serialport/binding-mock@npm:10.2.2"
  dependencies:
    "@serialport/bindings-interface": "npm:^1.2.1"
    debug: "npm:^4.3.3"
  checksum: 10c0/ba0b26f0e449b32b77315cf57d377318d4ffdaa84d6aaa1efdc48f35b99ade513d2a37f672443163446f1feeb664d5d518f05ea5c5c90d935b87a92fee36b2ba
  languageName: node
  linkType: hard

"@serialport/bindings-cpp@npm:12.0.1":
  version: 12.0.1
  resolution: "@serialport/bindings-cpp@npm:12.0.1"
  dependencies:
    "@serialport/bindings-interface": "npm:1.2.2"
    "@serialport/parser-readline": "npm:11.0.0"
    debug: "npm:4.3.4"
    node-addon-api: "npm:7.0.0"
    node-gyp: "npm:latest"
    node-gyp-build: "npm:4.6.0"
  checksum: 10c0/cd64221e8b5a612cf6916843b56e6c5aacdc16d2de4c123354638466c9f57155db77152351a344a8f7e0c25279bfdb30c44a5ed77c00cdaa0a7b782b25e042e0
  languageName: node
  linkType: hard

"@serialport/bindings-interface@npm:1.2.2, @serialport/bindings-interface@npm:^1.2.1":
  version: 1.2.2
  resolution: "@serialport/bindings-interface@npm:1.2.2"
  checksum: 10c0/e0fb8deaee585573c4151dcb13cc2dc471fc9906a16d8b595fd9aed27e263b8b2e1ba94b0eda814f2ddab7d4143ad7d504b5d2034e5607d8c1d77b4b3dcfc369
  languageName: node
  linkType: hard

"@serialport/parser-byte-length@npm:12.0.0":
  version: 12.0.0
  resolution: "@serialport/parser-byte-length@npm:12.0.0"
  checksum: 10c0/8dbc2515c83c9ecbaa1f6fbd20c04a13d49f440e4cbcf248a67c728ff28643fca24cea749f12b12231ce14397be124cd893eb2b21ced551982acb795b7a09398
  languageName: node
  linkType: hard

"@serialport/parser-cctalk@npm:12.0.0":
  version: 12.0.0
  resolution: "@serialport/parser-cctalk@npm:12.0.0"
  checksum: 10c0/9abf7342f9199feb3c222269bb8f47e7a722c747242df32529dc94dabe4e9caf591b0827caaf82ef5143aaf6103e63e9ec2f5f3e28657f08040991cdd67825ee
  languageName: node
  linkType: hard

"@serialport/parser-delimiter@npm:11.0.0":
  version: 11.0.0
  resolution: "@serialport/parser-delimiter@npm:11.0.0"
  checksum: 10c0/59ddd9603396e40f145e8087050596fa02b0e64f52972f328a54b3260b0582c7b4107dbbb0fb8db2f9ea6d0db72237c6a262992649f1e2aa706924a490079380
  languageName: node
  linkType: hard

"@serialport/parser-delimiter@npm:12.0.0":
  version: 12.0.0
  resolution: "@serialport/parser-delimiter@npm:12.0.0"
  checksum: 10c0/b7c558cd300d7a137b9cf5eb7617d2598fa2cdc2f9feefea79667a6fef37f36aa08c7c7849413f361802801acfd2a81a4fe13fe6672801a65b5ee5e1d5625578
  languageName: node
  linkType: hard

"@serialport/parser-inter-byte-timeout@npm:12.0.0":
  version: 12.0.0
  resolution: "@serialport/parser-inter-byte-timeout@npm:12.0.0"
  checksum: 10c0/a6454d96310c471fd99cb613b7e4dd3bb26aa32036f739ac584491c2bbbb9cf15e3799e6d129dc74e0db008df209c06002b7b344d66d7aae251ae78547040fc1
  languageName: node
  linkType: hard

"@serialport/parser-packet-length@npm:12.0.0":
  version: 12.0.0
  resolution: "@serialport/parser-packet-length@npm:12.0.0"
  checksum: 10c0/2f1a8b22d6e4af4c42f8dcab0edf4bece4b879b75fb703d77ea2dbaf0ecf61ac0ed943529c33cfb74f77257cd07991337b6eaade16be782713836dc664982647
  languageName: node
  linkType: hard

"@serialport/parser-readline@npm:11.0.0":
  version: 11.0.0
  resolution: "@serialport/parser-readline@npm:11.0.0"
  dependencies:
    "@serialport/parser-delimiter": "npm:11.0.0"
  checksum: 10c0/20cf031cd6abef27721303444c1348fcc4bd1976a4557810c4b57ccc356a84cb7de6351613fe2a54eef20030ca23b345fc1077dcdf979548bca9483cf45ad5d5
  languageName: node
  linkType: hard

"@serialport/parser-readline@npm:12.0.0":
  version: 12.0.0
  resolution: "@serialport/parser-readline@npm:12.0.0"
  dependencies:
    "@serialport/parser-delimiter": "npm:12.0.0"
  checksum: 10c0/765b8e89f40c2e3e4516027009ac65fc01f475dc2d111a4d50bdeac2fd5a9653e9222c9cce3abd305d45d555ec9c6a8764b38cf214a90be6073751d6456889e4
  languageName: node
  linkType: hard

"@serialport/parser-ready@npm:12.0.0":
  version: 12.0.0
  resolution: "@serialport/parser-ready@npm:12.0.0"
  checksum: 10c0/6fcfb505c3eebaf50d9df7b27934b217dac626f08a0446393ae2d575ffa41deefc8c27cfd46dd079add215c859616127e69f1f1aff2a6905aaaa9609d11b269e
  languageName: node
  linkType: hard

"@serialport/parser-regex@npm:12.0.0":
  version: 12.0.0
  resolution: "@serialport/parser-regex@npm:12.0.0"
  checksum: 10c0/6ec242235bf67a9c359b1164a553ee4ad683519326c989a88b499b8a872ce07a843556b2d1efe7d091bf3976c8b2458c399dd1c57efeee4d0ba49291365eda30
  languageName: node
  linkType: hard

"@serialport/parser-slip-encoder@npm:12.0.0":
  version: 12.0.0
  resolution: "@serialport/parser-slip-encoder@npm:12.0.0"
  checksum: 10c0/e1619a79d175f208d6e808920fb8fe011405e0d544459088d461be497b8a4933b47db8e6e4133f3b16562f563216c312d1e8f37c8629dcca8221ee39b7049e37
  languageName: node
  linkType: hard

"@serialport/parser-spacepacket@npm:12.0.0":
  version: 12.0.0
  resolution: "@serialport/parser-spacepacket@npm:12.0.0"
  checksum: 10c0/e4ee26dc00f16abd1e7b17f999a0e335c6b963c8f00083bf11c8feb8baad891602dca91a614e4d12f7b3805e1cf829ea497aca022b8f0e02b8cad235e21955ef
  languageName: node
  linkType: hard

"@serialport/stream@npm:12.0.0":
  version: 12.0.0
  resolution: "@serialport/stream@npm:12.0.0"
  dependencies:
    "@serialport/bindings-interface": "npm:1.2.2"
    debug: "npm:4.3.4"
  checksum: 10c0/5edd07425c8801f8ea50d1601663a4c39eb67cc984c0898b8176aa7e86f76ffe4400da7ff624f222182a66f87694c2915ecb416113b038a0e5ce82306308ef6e
  languageName: node
  linkType: hard

"abbrev@npm:^5.0.0":
  version: 5.0.0
  resolution: "abbrev@npm:5.0.0"
  checksum: 10c0/8e88f5c798ea4562d28c5a3e9ad69e3879890bc5d695d8f2dffb8609be4c890aacc8f80ef4553fdd2c6a62d70c2ce8bc57b38074e383beb7487bdafa9ed42ea5
  languageName: node
  linkType: hard

"argparse@npm:^2.0.1":
  version: 2.0.1
  resolution: "argparse@npm:2.0.1"
  checksum: 10c0/c5640c2d89045371c7cedd6a70212a04e360fd34d6edeae32f6952c63949e3525ea77dbec0289d8213a99bbaeab5abfa860b5c12cf88a2e6cf8106e90dd27a7e
  languageName: node
  linkType: hard

"chownr@npm:^3.0.0":
  version: 3.0.0
  resolution: "chownr@npm:3.0.0"
  checksum: 10c0/43925b87700f7e3893296c8e9c56cc58f926411cce3a6e5898136daaf08f08b9a8eb76d37d3267e707d0dcc17aed2e2ebdf5848c0c3ce95cf910a919935c1b10
  languageName: node
  linkType: hard

"colord@npm:^2.9.3":
  version: 2.10.0
  resolution: "colord@npm:2.10.0"
  checksum: 10c0/2f5d1d1759124f593deca17bbbab8a88bdc3ab68bbcc88db76c1192d9a5d575db202badde044bf61789561fa0ed7a9eb895382becad1af27ec65934c216e9e04
  languageName: node
  linkType: hard

"debug@npm:4.3.4":
  version: 4.3.4
  resolution: "debug@npm:4.3.4"
  dependencies:
    ms: "npm:2.1.2"
  peerDependenciesMeta:
    supports-color:
      optional: true
  checksum: 10c0/cedbec45298dd5c501d01b92b119cd3faebe5438c3917ff11ae1bff86a6c722930ac9c8659792824013168ba6db7c4668225d845c633fbdafbbf902a6389f736
  languageName: node
  linkType: hard

"debug@npm:^4.3.3":
  version: 4.4.0
  resolution: "debug@npm:4.4.0"
  dependencies:
    ms: "npm:^2.1.3"
  peerDependenciesMeta:
    supports-color:
      optional: true
  checksum: 10c0/db94f1a182bf886f57b4755f85b3a74c39b5114b9377b7ab375dc2cfa3454f09490cc6c30f829df3fc8042bc8b8995f6567ce5cd96f3bc3688bd24027197d9de
  languageName: node
  linkType: hard

"enhanced-resolve@npm:^5.17.1":
  version: 5.18.1
  resolution: "enhanced-resolve@npm:5.18.1"
  dependencies:
    graceful-fs: "npm:^4.2.4"
    tapable: "npm:^2.2.0"
  checksum: 10c0/4cffd9b125225184e2abed9fdf0ed3dbd2224c873b165d0838fd066cde32e0918626cba2f1f4bf6860762f13a7e2364fd89a82b99566be2873d813573ac71846
  languageName: node
  linkType: hard

"env-paths@npm:^2.2.0":
  version: 2.2.1
  resolution: "env-paths@npm:2.2.1"
  checksum: 10c0/285325677bf00e30845e330eec32894f5105529db97496ee3f598478e50f008c5352a41a30e5e72ec9de8a542b5a570b85699cd63bd2bc646dbcb9f311d83bc4
  languageName: node
  linkType: hard

"esbuild@npm:^0.28.2":
  version: 0.28.2
  resolution: "esbuild@npm:0.28.2"
  dependencies:
    "@esbuild/aix-ppc64": "npm:0.28.2"
    "@esbuild/android-arm": "npm:0.28.2"
    "@esbuild/android-arm64": "npm:0.28.2"
    "@esbuild/android-x64": "npm:0.28.2"
    "@esbuild/darwin-arm64": "npm:0.28.2"
    "@esbuild/darwin-x64": "npm:0.28.2"
    "@esbuild/freebsd-arm64": "npm:0.28.2"
    "@esbuild/freebsd-x64": "npm:0.28.2"
    "@esbuild/linux-arm": "npm:0.28.2"
    "@esbuild/linux-arm64": "npm:0.28.2"
    "@esbuild/linux-ia32": "npm:0.28.2"
    "@esbuild/linux-loong64": "npm:0.28.2"
    "@esbuild/linux-mips64el": "npm:0.28.2"
    "@esbuild/linux-ppc64": "npm:0.28.2"
    "@esbuild/linux-riscv64": "npm:0.28.2"
    "@esbuild/linux-s390x": "npm:0.28.2"
    "@esbuild/linux-x64": "npm:0.28.2"
    "@esbuild/netbsd-arm64": "npm:0.28.2"
    "@esbuild/netbsd-x64": "npm:0.28.2"
    "@esbuild/openbsd-arm64": "npm:0.28.2"
    "@esbuild/openbsd-x64": "npm:0.28.2"
    "@esbuild/openharmony-arm64": "npm:0.28.2"
    "@esbuild/sunos-x64": "npm:0.28.2"
    "@esbuild/win32-arm64": "npm:0.28.2"
    "@esbuild/win32-ia32": "npm:0.28.2"
    "@esbuild/win32-x64": "npm:0.28.2"
  dependenciesMeta:
    "@esbuild/aix-ppc64":
      optional: true
    "@esbuild/android-arm":
      optional: true
    "@esbuild/android-arm64":
      optional: true
    "@esbuild/android-x64":
      optional: true
    "@esbuild/darwin-arm64":
      optional: true
    "@esbuild/darwin-x64":
      optional: true
    "@esbuild/freebsd-arm64":
      optional: true
    "@esbuild/freebsd-x64":
      optional: true
    "@esbuild/linux-arm":
      optional: true
    "@esbuild/linux-arm64":
      optional: true
    "@esbuild/linux-ia32":
      optional: true
    "@esbuild/linux-loong64":
      optional: true
    "@esbuild/linux-mips64el":
      optional: true
    "@esbuild/linux-ppc64":
      optional: true
    "@esbuild/linux-riscv64":
      optional: true
    "@esbuild/linux-s390x":
      optional: true
    "@esbuild/linux-x64":
      optional: true
    "@esbuild/netbsd-arm64":
      optional: true
    "@esbuild/netbsd-x64":
      optional: true
    "@esbuild/openbsd-arm64":
      optional: true
    "@esbuild/openbsd-x64":
      optional: true
    "@esbuild/openharmony-arm64":
      optional: true
    "@esbuild/sunos-x64":
      optional: true
    "@esbuild/win32-arm64":
      optional: true
    "@esbuild/win32-ia32":
      optional: true
    "@esbuild/win32-x64":
      optional: true
  bin:
    esbuild: bin/esbuild
  checksum: 10c0/9b19edb63bd7780fd2e8e65a1394a0e8a05a17d697f73f0647ffe3c134709d8dbe744ab3fd57b35c9470db268cae7678fafd3dcd3ce1f34fc590568c2433f5d2
  languageName: node
  linkType: hard

"eslint-compat-utils@npm:^0.5.1":
  version: 0.5.1
  resolution: "eslint-compat-utils@npm:0.5.1"
  dependencies:
    semver: "npm:^7.5.4"
  peerDependencies:
    eslint: ">=6.0.0"
  checksum: 10c0/325e815205fab70ebcd379f6d4b5d44c7d791bb8dfe0c9888233f30ebabd9418422595b53a781b946c768d9244d858540e5e6129a6b3dd6d606f467d599edc6c
  languageName: node
  linkType: hard

"eslint-config-prettier@npm:^10.1.8":
  version: 10.1.8
  resolution: "eslint-config-prettier@npm:10.1.8"
  peerDependencies:
    eslint: ">=7.0.0"
  bin:
    eslint-config-prettier: bin/cli.js
  checksum: 10c0/e1bcfadc9eccd526c240056b1e59c5cd26544fe59feb85f38f4f1f116caed96aea0b3b87868e68b3099e55caaac3f2e5b9f58110f85db893e83a332751192682
  languageName: node
  linkType: hard

"eslint-plugin-es-x@npm:^7.8.0":
  version: 7.8.0
  resolution: "eslint-plugin-es-x@npm:7.8.0"
  dependencies:
    "@eslint-community/eslint-utils": "npm:^4.1.2"
    "@eslint-community/regexpp": "npm:^4.11.0"
    eslint-compat-utils: "npm:^0.5.1"
  peerDependencies:
    eslint: ">=8"
  checksum: 10c0/002fda8c029bc5da41e24e7ac11654062831d675fc4f5f20d0de460e24bf1e05cd559000678ef3e46c48641190f4fc07ae3d57aa5e8b085ef5f67e5f63742614
  languageName: node
  linkType: hard

"eslint-plugin-n@npm:^18.4.0":
  version: 18.4.1
  resolution: "eslint-plugin-n@npm:18.4.1"
  dependencies:
    "@eslint-community/eslint-utils": "npm:^4.5.0"
    enhanced-resolve: "npm:^5.17.1"
    eslint-plugin-es-x: "npm:^7.8.0"
    get-tsconfig: "npm:^4.8.1"
    globals: "npm:^15.11.0"
    globrex: "npm:^0.1.2"
    ignore: "npm:^5.3.2"
    js-yaml: "npm:^5.4.1"
    semver: "npm:^7.6.3"
  peerDependencies:
    eslint: ">=8.57.1"
    ts-declaration-location: ^1.0.6
    typescript: ">=5.0.0"
  peerDependenciesMeta:
    ts-declaration-location:
      optional: true
    typescript:
      optional: true
  checksum: 10c0/ed5104fce74535b950d1b010cfdc9aa90976df4cdf483e801c950335016b5c805dd6ff4b3f7bdce8b777d48951c73862030e56c157d1e81c944839f8cec9985f
  languageName: node
  linkType: hard

"eslint-plugin-prettier@npm:^5.5.6":
  version: 5.5.6
  resolution: "eslint-plugin-prettier@npm:5.5.6"
  dependencies:
    prettier-linter-helpers: "npm:^1.0.1"
    synckit: "npm:^0.11.13"
  peerDependencies:
    "@types/eslint": ">=8.0.0"
    eslint: ">=8.0.0"
    eslint-config-prettier: ">= 7.0.0 <10.0.0 || >=10.1.0"
    prettier: ">=3.0.0"
  peerDependenciesMeta:
    "@types/eslint":
      optional: true
    eslint-config-prettier:
      optional: true
  checksum: 10c0/af37126c947ff3e87ff1ea76408db8cb1c7da966ebdaba68c6dd5924da7eb1b43b1abc4796d753a97b1bc26ea94c5497093e6ab9f8588fffe558d5a554e19bbf
  languageName: node
  linkType: hard

"eslint-visitor-keys@npm:^3.4.3":
  version: 3.4.3
  resolution: "eslint-visitor-keys@npm:3.4.3"
  checksum: 10c0/92708e882c0a5ffd88c23c0b404ac1628cf20104a108c745f240a13c332a11aac54f49a22d5762efbffc18ecbc9a580d1b7ad034bf5f3cc3307e5cbff2ec9820
  languageName: node
  linkType: hard

"exponential-backoff@npm:^3.1.1":
  version: 3.1.3
  resolution: "exponential-backoff@npm:3.1.3"
  checksum: 10c0/77e3ae682b7b1f4972f563c6dbcd2b0d54ac679e62d5d32f3e5085feba20483cf28bd505543f520e287a56d4d55a28d7874299941faf637e779a1aa5994d1267
  languageName: node
  linkType: hard

"fast-diff@npm:^1.1.2":
  version: 1.3.0
  resolution: "fast-diff@npm:1.3.0"
  checksum: 10c0/5c19af237edb5d5effda008c891a18a585f74bf12953be57923f17a3a4d0979565fc64dbc73b9e20926b9d895f5b690c618cbb969af0cf022e3222471220ad29
  languageName: node
  linkType: hard

"fdir@npm:^6.5.0":
  version: 6.5.0
  resolution: "fdir@npm:6.5.0"
  peerDependencies:
    picomatch: ^3 || ^4
  peerDependenciesMeta:
    picomatch:
      optional: true
  checksum: 10c0/e345083c4306b3aed6cb8ec551e26c36bab5c511e99ea4576a16750ddc8d3240e63826cc624f5ae17ad4dc82e68a253213b60d556c11bfad064b7607847ed07f
  languageName: node
  linkType: hard

"find-up@npm:^8.0.0":
  version: 8.0.0
  resolution: "find-up@npm:8.0.0"
  dependencies:
    locate-path: "npm:^8.0.0"
    unicorn-magic: "npm:^0.3.0"
  checksum: 10c0/4c6d2cb92f74bd42ec7344c881a46f6455010d3993f8f55b09bb64298c0a13e11e10200147624db8938590890a15ade69c40f0172698388d0999899f0f2a70a5
  languageName: node
  linkType: hard

"generic-osc@workspace:.":
  version: 0.0.0-use.local
  resolution: "generic-osc@workspace:."
  dependencies:
    "@companion-module/base": "npm:2.1.3"
    "@companion-module/tools": "npm:^3.1.1"
    osc: "npm:^2.4.5"
    osc-js: "npm:^2.4.1"
    prettier: "npm:^3.9.9"
  languageName: unknown
  linkType: soft

"get-tsconfig@npm:^4.8.1":
  version: 4.10.0
  resolution: "get-tsconfig@npm:4.10.0"
  dependencies:
    resolve-pkg-maps: "npm:^1.0.0"
  checksum: 10c0/c9b5572c5118923c491c04285c73bd55b19e214992af957c502a3be0fc0043bb421386ffd45ca3433c0a7fba81221ca300479e8393960acf15d0ed4563f38a86
  languageName: node
  linkType: hard

"globals@npm:^15.11.0":
  version: 15.15.0
  resolution: "globals@npm:15.15.0"
  checksum: 10c0/f9ae80996392ca71316495a39bec88ac43ae3525a438b5626cd9d5ce9d5500d0a98a266409605f8cd7241c7acf57c354a48111ea02a767ba4f374b806d6861fe
  languageName: node
  linkType: hard

"globrex@npm:^0.1.2":
  version: 0.1.2
  resolution: "globrex@npm:0.1.2"
  checksum: 10c0/a54c029520cf58bda1d8884f72bd49b4cd74e977883268d931fd83bcbd1a9eb96d57c7dbd4ad80148fb9247467ebfb9b215630b2ed7563b2a8de02e1ff7f89d1
  languageName: node
  linkType: hard

"graceful-fs@npm:^4.2.4, graceful-fs@npm:^4.2.6":
  version: 4.2.11
  resolution: "graceful-fs@npm:4.2.11"
  checksum: 10c0/386d011a553e02bc594ac2ca0bd6d9e4c22d7fa8cfbfc448a6d148c59ea881b092db9dbe3547ae4b88e55f1b01f7c4a2ecc53b310c042793e63aa44cf6c257f2
  languageName: node
  linkType: hard

"ignore@npm:^5.3.2":
  version: 5.3.2
  resolution: "ignore@npm:5.3.2"
  checksum: 10c0/f9f652c957983634ded1e7f02da3b559a0d4cc210fca3792cb67f1b153623c9c42efdc1c4121af171e295444459fc4a9201101fb041b1104a3c000bccb188337
  languageName: node
  linkType: hard

"isexe@npm:^4.0.0":
  version: 4.0.0
  resolution: "isexe@npm:4.0.0"
  checksum: 10c0/5884815115bceac452877659a9c7726382531592f43dc29e5d48b7c4100661aed54018cb90bd36cb2eaeba521092570769167acbb95c18d39afdccbcca06c5ce
  languageName: node
  linkType: hard

"js-yaml@npm:^5.4.1":
  version: 5.4.3
  resolution: "js-yaml@npm:5.4.3"
  dependencies:
    argparse: "npm:^2.0.1"
  bin:
    js-yaml: bin/js-yaml.mjs
  checksum: 10c0/7180bf35feef9815a06cb2f8845c1196f1e4264430a04623884d87c3d21475de7d46a86c9c5142dcc1646c788bc0e676eb09ba817810707e0b4e984f7cf93a5f
  languageName: node
  linkType: hard

"locate-path@npm:^8.0.0":
  version: 8.0.0
  resolution: "locate-path@npm:8.0.0"
  dependencies:
    p-locate: "npm:^6.0.0"
  checksum: 10c0/4c837878b6d1b8557c5d1c624d11d6721d77f4627c14bd84182c85cbb9ec8fc01b5b5f089e21fab17b30fc5ecc14216a3d31f754dfcc5299f1fe9f4c83482fee
  languageName: node
  linkType: hard

"long@npm:4.0.0":
  version: 4.0.0
  resolution: "long@npm:4.0.0"
  checksum: 10c0/50a6417d15b06104dbe4e3d4a667c39b137f130a9108ea8752b352a4cfae047531a3ac351c181792f3f8768fe17cca6b0f406674a541a86fb638aaac560d83ed
  languageName: node
  linkType: hard

"minipass@npm:^7.0.4, minipass@npm:^7.1.2":
  version: 7.1.2
  resolution: "minipass@npm:7.1.2"
  checksum: 10c0/b0fd20bb9fb56e5fa9a8bfac539e8915ae07430a619e4b86ff71f5fc757ef3924b23b2c4230393af1eda647ed3d75739e4e0acb250a6b1eb277cf7f8fe449557
  languageName: node
  linkType: hard

"minizlib@npm:^3.1.0":
  version: 3.1.0
  resolution: "minizlib@npm:3.1.0"
  dependencies:
    minipass: "npm:^7.1.2"
  checksum: 10c0/5aad75ab0090b8266069c9aabe582c021ae53eb33c6c691054a13a45db3b4f91a7fb1bd79151e6b4e9e9a86727b522527c0a06ec7d45206b745d54cd3097bcec
  languageName: node
  linkType: hard

"ms@npm:2.1.2":
  version: 2.1.2
  resolution: "ms@npm:2.1.2"
  checksum: 10c0/a437714e2f90dbf881b5191d35a6db792efbca5badf112f87b9e1c712aace4b4b9b742dd6537f3edf90fd6f684de897cec230abde57e87883766712ddda297cc
  languageName: node
  linkType: hard

"ms@npm:^2.1.3":
  version: 2.1.3
  resolution: "ms@npm:2.1.3"
  checksum: 10c0/d924b57e7312b3b63ad21fc5b3dc0af5e78d61a1fc7cfb5457edaf26326bf62be5307cc87ffb6862ef1c2b33b0233cdb5d4f01c4c958cc0d660948b65a287a48
  languageName: node
  linkType: hard

"node-addon-api@npm:7.0.0":
  version: 7.0.0
  resolution: "node-addon-api@npm:7.0.0"
  dependencies:
    node-gyp: "npm:latest"
  checksum: 10c0/3d5a15ee434e122b345e614db122a63f30194c298104c3d8a0fa9f68707abb278af27b45222602456a131890a59b4a92291ff5b4b7938ff282168e9ad1bf7103
  languageName: node
  linkType: hard

"node-gyp-build@npm:4.6.0":
  version: 4.6.0
  resolution: "node-gyp-build@npm:4.6.0"
  bin:
    node-gyp-build: bin.js
    node-gyp-build-optional: optional.js
    node-gyp-build-test: build-test.js
  checksum: 10c0/147add65942acd3cf641d11d9becd030128c7298a5b4aec4ebf3ad4afcc3d0298ad2562afba3e7b2bf70160c5e2e82235e3bc043ff9c52dc68bdd36c856764fe
  languageName: node
  linkType: hard

"node-gyp@npm:latest":
  version: 13.1.0
  resolution: "node-gyp@npm:13.1.0"
  dependencies:
    env-paths: "npm:^2.2.0"
    exponential-backoff: "npm:^3.1.1"
    graceful-fs: "npm:^4.2.6"
    nopt: "npm:^10.0.0"
    proc-log: "npm:^7.0.0"
    semver: "npm:^7.3.5"
    tar: "npm:^7.5.7"
    tinyglobby: "npm:^0.2.12"
    undici: "npm:^8.4.1"
    which: "npm:^7.0.0"
  bin:
    node-gyp: bin/node-gyp.js
  checksum: 10c0/c6693e52e0e111b21f5cd8ff303b41b51f40338adcc79ac5c6a02399eba7039d50dc816dcafcc485870291a641f7cb75db8887a9bdd0de537fe635a3a81cba5b
  languageName: node
  linkType: hard

"nopt@npm:^10.0.0":
  version: 10.0.1
  resolution: "nopt@npm:10.0.1"
  dependencies:
    abbrev: "npm:^5.0.0"
  bin:
    nopt: bin/nopt.js
  checksum: 10c0/980d89257f9587f3e1f77877ddbf905d6aa3b738ec33e49a4fa1a059a0dd82eb28063982b150654a7ae9de386f2ead60e56172db7d37cf56de545f7392a2a26a
  languageName: node
  linkType: hard

"osc-js@npm:^2.4.1":
  version: 2.4.1
  resolution: "osc-js@npm:2.4.1"
  dependencies:
    ws: "npm:^8.16.0"
  checksum: 10c0/751132a87d772bb660846b8d0920329dd8484d3b6304b6d89889a1ccd4f7fd214c7503f838c9d0967a6ae8054dd0c33a5a057001fe6ef3de76645a1ac36e201d
  languageName: node
  linkType: hard

"osc@npm:^2.4.5":
  version: 2.4.5
  resolution: "osc@npm:2.4.5"
  dependencies:
    long: "npm:4.0.0"
    serialport: "npm:12.0.0"
    slip: "npm:1.0.2"
    wolfy87-eventemitter: "npm:5.2.9"
    ws: "npm:8.18.0"
  dependenciesMeta:
    serialport:
      optional: true
  checksum: 10c0/745be9a71bb2d784046b08db5a255634835851c635d3ed97c26949b823b970ded55efc0a832a706e488ee3829ea17a0edbce8eb002223cbe0bc30c5d4f701e84
  languageName: node
  linkType: hard

"p-limit@npm:^4.0.0":
  version: 4.0.0
  resolution: "p-limit@npm:4.0.0"
  dependencies:
    yocto-queue: "npm:^1.0.0"
  checksum: 10c0/a56af34a77f8df2ff61ddfb29431044557fcbcb7642d5a3233143ebba805fc7306ac1d448de724352861cb99de934bc9ab74f0d16fe6a5460bdbdf938de875ad
  languageName: node
  linkType: hard

"p-locate@npm:^6.0.0":
  version: 6.0.0
  resolution: "p-locate@npm:6.0.0"
  dependencies:
    p-limit: "npm:^4.0.0"
  checksum: 10c0/d72fa2f41adce59c198270aa4d3c832536c87a1806e0f69dffb7c1a7ca998fb053915ca833d90f166a8c082d3859eabfed95f01698a3214c20df6bb8de046312
  languageName: node
  linkType: hard

"picomatch@npm:^4.0.4":
  version: 4.0.7
  resolution: "picomatch@npm:4.0.7"
  checksum: 10c0/beb6ae02c43ae44e84883b90830196d9046b1726ead292adcf7f57945e0bb0d992d68563d87e03b484b6f3c9a5c6defda7523477f047d7f0e663f126cc01787f
  languageName: node
  linkType: hard

"prettier-linter-helpers@npm:^1.0.1":
  version: 1.0.1
  resolution: "prettier-linter-helpers@npm:1.0.1"
  dependencies:
    fast-diff: "npm:^1.1.2"
  checksum: 10c0/91cea965681bc5f62c9d26bd3ca6358b81557261d4802e96ec1cf0acbd99d4b61632d53320cd2c3ec7d7f7805a81345644108a41ef46ddc9688e783a9ac792d1
  languageName: node
  linkType: hard

"prettier@npm:^3.9.9":
  version: 3.9.9
  resolution: "prettier@npm:3.9.9"
  bin:
    prettier: bin/prettier.cjs
  checksum: 10c0/d50ea2537b2ff7dbd5088a214f4d936484e55c665cea2185b477a55b0770be55f3b156a71f63a9a639def6b334667bb327139dc85f2a1041c0a34752cdc74647
  languageName: node
  linkType: hard

"proc-log@npm:^7.0.0":
  version: 7.0.0
  resolution: "proc-log@npm:7.0.0"
  checksum: 10c0/b89c2d862604f35fec795477b0c7e376feab3ba0d4f4d291c4e959567442697cf451ac557d0623c1cc38af45a78128b983410f397a10c5d3a67f76c33de4754b
  languageName: node
  linkType: hard

"resolve-pkg-maps@npm:^1.0.0":
  version: 1.0.0
  resolution: "resolve-pkg-maps@npm:1.0.0"
  checksum: 10c0/fb8f7bbe2ca281a73b7ef423a1cbc786fb244bd7a95cbe5c3fba25b27d327150beca8ba02f622baea65919a57e061eb5005204daa5f93ed590d9b77463a567ab
  languageName: node
  linkType: hard

"semver@npm:^7.3.5, semver@npm:^7.5.4, semver@npm:^7.6.3, semver@npm:^7.8.5":
  version: 7.8.5
  resolution: "semver@npm:7.8.5"
  bin:
    semver: bin/semver.js
  checksum: 10c0/b1f3127a5be8125a94f37188b361c212466c292c6910adce3ec106cff5dc211ccaedc4739c11bb70fda59d6fc1f040a9bca289f4e093451521a2372e5231fe0c
  languageName: node
  linkType: hard

"serialport@npm:12.0.0":
  version: 12.0.0
  resolution: "serialport@npm:12.0.0"
  dependencies:
    "@serialport/binding-mock": "npm:10.2.2"
    "@serialport/bindings-cpp": "npm:12.0.1"
    "@serialport/parser-byte-length": "npm:12.0.0"
    "@serialport/parser-cctalk": "npm:12.0.0"
    "@serialport/parser-delimiter": "npm:12.0.0"
    "@serialport/parser-inter-byte-timeout": "npm:12.0.0"
    "@serialport/parser-packet-length": "npm:12.0.0"
    "@serialport/parser-readline": "npm:12.0.0"
    "@serialport/parser-ready": "npm:12.0.0"
    "@serialport/parser-regex": "npm:12.0.0"
    "@serialport/parser-slip-encoder": "npm:12.0.0"
    "@serialport/parser-spacepacket": "npm:12.0.0"
    "@serialport/stream": "npm:12.0.0"
    debug: "npm:4.3.4"
  checksum: 10c0/ad282898055947dd89ebb7ac7433d2961b0bba311a1c7009f2eda1aac9bfd5b1f59e50b30df8e1d3c20c323f05aefd134028bdab1b8f9dde3cbc46b32e9b8765
  languageName: node
  linkType: hard

"slip@npm:1.0.2":
  version: 1.0.2
  resolution: "slip@npm:1.0.2"
  checksum: 10c0/f1a235ec2960c9c769c149dd6f0c21b74c7abf7f1f8b249cbe1370bae75e20f60faee25b4a951407cedd355ebab17038323f5fc800f6bab188877472566fe81a
  languageName: node
  linkType: hard

"spdx-exceptions@npm:^2.1.0":
  version: 2.5.0
  resolution: "spdx-exceptions@npm:2.5.0"
  checksum: 10c0/37217b7762ee0ea0d8b7d0c29fd48b7e4dfb94096b109d6255b589c561f57da93bf4e328c0290046115961b9209a8051ad9f525e48d433082fc79f496a4ea940
  languageName: node
  linkType: hard

"spdx-expression-parse@npm:^5.0.0":
  version: 5.0.0
  resolution: "spdx-expression-parse@npm:5.0.0"
  dependencies:
    spdx-exceptions: "npm:^2.1.0"
    spdx-license-ids: "npm:^3.0.0"
  checksum: 10c0/26d0e79e1fda50301ba99c294788c4efb1aded6b8206dada2749d497c7772cfd6ee8ed43c9a0095dc77a3fcf2a39f421643381ec009a8b84bb95a5bb1a623510
  languageName: node
  linkType: hard

"spdx-license-ids@npm:^3.0.0":
  version: 3.0.23
  resolution: "spdx-license-ids@npm:3.0.23"
  checksum: 10c0/8495620f6f2a237749cce922ea2d593a66f7885c301b1a0f5542183e7041182f27f616a8f13345cefdea0c9b3e0899328e0aa8cec100cf4f3fac4bb3bd975515
  languageName: node
  linkType: hard

"synckit@npm:^0.11.13":
  version: 0.11.13
  resolution: "synckit@npm:0.11.13"
  dependencies:
    "@pkgr/core": "npm:^0.3.6"
  checksum: 10c0/5a6c19f4f79045aaa7994106401bff6dbe7cca23a6d0a0723ff14eb8b1bebeb4a71729118f6914905598e304ea2fa13509885e11ba07d92e7cb68a06740cb328
  languageName: node
  linkType: hard

"tapable@npm:^2.2.0":
  version: 2.2.1
  resolution: "tapable@npm:2.2.1"
  checksum: 10c0/bc40e6efe1e554d075469cedaba69a30eeb373552aaf41caeaaa45bf56ffacc2674261b106245bd566b35d8f3329b52d838e851ee0a852120acae26e622925c9
  languageName: node
  linkType: hard

"tar@npm:^7.5.22, tar@npm:^7.5.7":
  version: 7.5.22
  resolution: "tar@npm:7.5.22"
  dependencies:
    "@isaacs/fs-minipass": "npm:^4.0.0"
    chownr: "npm:^3.0.0"
    minipass: "npm:^7.1.2"
    minizlib: "npm:^3.1.0"
    yallist: "npm:^5.0.0"
  checksum: 10c0/1311f6be85a8157ac4c9147bae43e13923d2a1aae15e4aa1bd5239e4e03d2cf53cfe103dde7f35832fbb4c938b042856bc8e9a0afd29abd05e2d1608788c4fea
  languageName: node
  linkType: hard

"tinyglobby@npm:^0.2.12":
  version: 0.2.17
  resolution: "tinyglobby@npm:0.2.17"
  dependencies:
    fdir: "npm:^6.5.0"
    picomatch: "npm:^4.0.4"
  checksum: 10c0/7f7bb0f197c88bc4b20c231e0deca4240ca3bf313a88f5a7fee93a872b84966a4d50220947c0455ad07a60b3b360961c5b7fd979222aeb716a9f99b412002e4c
  languageName: node
  linkType: hard

"undici@npm:^8.4.1":
  version: 8.11.2
  resolution: "undici@npm:8.11.2"
  checksum: 10c0/106f6991178fb7562fd90cdec7993c5f807a9428682306091f0c4b27fc474ec291f868e29972c6252988bf061ad193df943b3b99e775be157a28d92bbb95699d
  languageName: node
  linkType: hard

"unicorn-magic@npm:^0.3.0":
  version: 0.3.0
  resolution: "unicorn-magic@npm:0.3.0"
  checksum: 10c0/0a32a997d6c15f1c2a077a15b1c4ca6f268d574cf5b8975e778bb98e6f8db4ef4e86dfcae4e158cd4c7e38fb4dd383b93b13eefddc7f178dea13d3ac8a603271
  languageName: node
  linkType: hard

"which@npm:^7.0.0":
  version: 7.0.0
  resolution: "which@npm:7.0.0"
  dependencies:
    isexe: "npm:^4.0.0"
  bin:
    node-which: bin/which.js
  checksum: 10c0/ca0b54f198f78bbc4b7c02e34bda8d335cb352e0adb4cbca1c37b1a957af3a879a82c4c27ca6525bc942f548d8b64f816ef6528360af9f3de55ffb9b979b620d
  languageName: node
  linkType: hard

"wolfy87-eventemitter@npm:5.2.9":
  version: 5.2.9
  resolution: "wolfy87-eventemitter@npm:5.2.9"
  checksum: 10c0/dd218e3eb5fe2bbb7894d19b857ee7df1b711cadb6dfa177392d42b71522979d1883489057d13cf7af6785835b9807ab1f821d3dbf79ee9691ba27e72ad91c4d
  languageName: node
  linkType: hard

"ws@npm:^8.16.0, ws@npm:^8.22.0":
  version: 8.22.0
  resolution: "ws@npm:8.22.0"
  peerDependencies:
    bufferutil: ^4.0.1
    utf-8-validate: ">=5.0.2"
  peerDependenciesMeta:
    bufferutil:
      optional: true
    utf-8-validate:
      optional: true
  checksum: 10c0/7304d14ef38898dd366a528a85e2da389c4eebf30f4ce8a007bd2dce6025f9b619cefe44fe2354f0bad0ec541b1c9a4da06a3f3e046ab56f01fd52d5784ecfb2
  languageName: node
  linkType: hard

"yallist@npm:^5.0.0":
  version: 5.0.0
  resolution: "yallist@npm:5.0.0"
  checksum: 10c0/a499c81ce6d4a1d260d4ea0f6d49ab4da09681e32c3f0472dee16667ed69d01dae63a3b81745a24bd78476ec4fcf856114cb4896ace738e01da34b2c42235416
  languageName: node
  linkType: hard

"yocto-queue@npm:^1.0.0":
  version: 1.1.1
  resolution: "yocto-queue@npm:1.1.1"
  checksum: 10c0/cb287fe5e6acfa82690acb43c283de34e945c571a78a939774f6eaba7c285bacdf6c90fbc16ce530060863984c906d2b4c6ceb069c94d1e0a06d5f2b458e2a92
  languageName: node
  linkType: hard

"zx@npm:^8.8.5":
  version: 8.8.5
  resolution: "zx@npm:8.8.5"
  bin:
    zx: build/cli.js
  checksum: 10c0/1273e4f72cfe35a59041aef5a56fd87318bc4e11947d101810b67e5c486ab30574042938728e8a15e085de985e762b8585fcdaab4cf87fd113153b63a5846611
  languageName: node
  linkType: hard
